{
    "_readme": [
        "This file locks the dependencies of your project to a known state",
        "Read more about it at https://getcomposer.org/doc/01-basic-usage.md#installing-dependencies",
        "This file is @generated automatically"
    ],
    "content-hash": "13a60acecae81c80cdcb015a54cd5a61",
    "packages": [
        {
            "name": "composer/installers",
            "version": "v1.12.0",
            "source": {
                "type": "git",
                "url": "https://github.com/composer/installers.git",
                "reference": "d20a64ed3c94748397ff5973488761b22f6d3f19"
            },
            "dist": {
                "type": "zip",
                "url": "https://api.github.com/repos/composer/installers/zipball/d20a64ed3c94748397ff5973488761b22f6d3f19",
                "reference": "d20a64ed3c94748397ff5973488761b22f6d3f19",
                "shasum": ""
            },
            "require": {
                "composer-plugin-api": "^1.0 || ^2.0"
            },
            "replace": {
                "roundcube/plugin-installer": "*",
                "shama/baton": "*"
            },
            "require-dev": {
                "composer/composer": "1.6.* || ^2.0",
                "composer/semver": "^1 || ^3",
                "phpstan/phpstan": "^0.12.55",
                "phpstan/phpstan-phpunit": "^0.12.16",
                "symfony/phpunit-bridge": "^4.2 || ^5",
                "symfony/process": "^2.3"
            },
            "type": "composer-plugin",
            "extra": {
                "class": "Composer\\Installers\\Plugin",
                "branch-alias": {
                    "dev-main": "1.x-dev"
                }
            },
            "autoload": {
                "psr-4": {
                    "Composer\\Installers\\": "src/Composer/Installers"
                }
            },
            "notification-url": "https://packagist.org/downloads/",
            "license": [
                "MIT"
            ],
            "authors": [
                {
                    "name": "Kyle Robinson Young",
                    "email": "kyle@dontkry.com",
                    "homepage": "https://github.com/shama"
                }
            ],
            "description": "A multi-framework Composer library installer",
            "homepage": "https://composer.github.io/installers/",
            "keywords": [
                "Craft",
                "Dolibarr",
                "Eliasis",
                "Hurad",
                "ImageCMS",
                "Kanboard",
                "Lan Management System",
                "MODX Evo",
                "MantisBT",
                "Mautic",
                "Maya",
                "OXID",
                "Plentymarkets",
                "Porto",
                "RadPHP",
                "SMF",
                "Starbug",
                "Thelia",
                "Whmcs",
                "WolfCMS",
                "agl",
                "aimeos",
                "annotatecms",
                "attogram",
                "bitrix",
                "cakephp",
                "chef",
                "cockpit",
                "codeigniter",
                "concrete5",
                "croogo",
                "dokuwiki",
                "drupal",
                "eZ Platform",
                "elgg",
                "expressionengine",
                "fuelphp",
                "grav",
                "installer",
                "itop",
                "joomla",
                "known",
                "kohana",
                "laravel",
                "lavalite",
                "lithium",
                "magento",
                "majima",
                "mako",
                "mediawiki",
                "miaoxing",
                "modulework",
                "modx",
                "moodle",
                "osclass",
                "pantheon",
                "phpbb",
                "piwik",
                "ppi",
                "processwire",
                "puppet",
                "pxcms",
                "reindex",
                "roundcube",
                "shopware",
                "silverstripe",
                "sydes",
                "sylius",
                "symfony",
                "tastyigniter",
                "typo3",
                "wordpress",
                "yawik",
                "zend",
                "zikula"
            ],
            "support": {
                "issues": "https://github.com/composer/installers/issues",
                "source": "https://github.com/composer/installers/tree/v1.12.0"
            },
            "funding": [
                {
                    "url": "https://packagist.com",
                    "type": "custom"
                },
                {
                    "url": "https://github.com/composer",
                    "type": "github"
                },
                {
                    "url": "https://tidelift.com/funding/github/packagist/composer/composer",
                    "type": "tidelift"
                }
            ],
            "time": "2021-09-13T08:19:44+00:00"
        },
        {
            "name": "firebase/php-jwt",
            "version": "v5.5.1",
            "source": {
                "type": "git",
                "url": "https://github.com/firebase/php-jwt.git",
                "reference": "83b609028194aa042ea33b5af2d41a7427de80e6"
            },
            "dist": {
                "type": "zip",
                "url": "https://api.github.com/repos/firebase/php-jwt/zipball/83b609028194aa042ea33b5af2d41a7427de80e6",
                "reference": "83b609028194aa042ea33b5af2d41a7427de80e6",
                "shasum": ""
            },
            "require": {
                "php": ">=5.3.0"
            },
            "require-dev": {
                "phpunit/phpunit": ">=4.8 <=9"
            },
            "suggest": {
                "paragonie/sodium_compat": "Support EdDSA (Ed25519) signatures when libsodium is not present"
            },
            "type": "library",
            "autoload": {
                "psr-4": {
                    "Firebase\\JWT\\": "src"
                }
            },
            "notification-url": "https://packagist.org/downloads/",
            "license": [
                "BSD-3-Clause"
            ],
            "authors": [
                {
                    "name": "Neuman Vong",
                    "email": "neuman+pear@twilio.com",
                    "role": "Developer"
                },
                {
                    "name": "Anant Narayanan",
                    "email": "anant@php.net",
                    "role": "Developer"
                }
            ],
            "description": "A simple library to encode and decode JSON Web Tokens (JWT) in PHP. Should conform to the current spec.",
            "homepage": "https://github.com/firebase/php-jwt",
            "keywords": [
                "jwt",
                "php"
            ],
            "support": {
                "issues": "https://github.com/firebase/php-jwt/issues",
                "source": "https://github.com/firebase/php-jwt/tree/v5.5.1"
            },
            "time": "2021-11-08T20:18:51+00:00"
        },
        {
            "name": "patrick204nqh/wpcms-custom-plugin",
            "version": "dev-main",
            "dist": {
                "type": "path",
                "url": "/var/www/html/packages/wpcms-custom-plugin",
                "reference": "36f82a1fcb8a48eb6bc55cb8c7bb086ad171c9c1"
            },
            "require": {
                "tombenner/wp-mvc": "*"
            },
            "type": "wordpress-plugin",
            "autoload": {
                "psr-4": {
                    "WpcmsPlugin\\": "app/"
                }
            },
            "authors": [
                {
                    "name": "Nguyen Quang Huy",
                    "email": "patrick204nqh@gmail.com"
                }
            ],
            "description": "WP-CMS Plugin",
            "transport-options": {
                "symlink": true,
                "relative": false
            }
        },
        {
            "name": "patrick204nqh/wpcms-custom-theme",
            "version": "dev-main",
            "dist": {
                "type": "path",
                "url": "/var/www/html/packages/wpcms-custom-theme",
                "reference": "a677b9e631ae748919768e7de886ee6b1ec15d5b"
            },
            "type": "wordpress-theme",
            "autoload": {
                "psr-4": {
                    "WpcmsTheme\\": "src/"
                }
            },
            "authors": [
                {
                    "name": "Nguyen Quang Huy",
                    "email": "patrick204nqh@gmail.com"
                }
            ],
            "description": "WP-CMS Theme",
            "transport-options": {
                "symlink": true,
                "relative": false
            }
        },
        {
            "name": "tombenner/wp-mvc",
            "version": "dev-main",
            "dist": {
                "type": "path",
                "url": "/var/www/html/packages/wp-mvc",
                "reference": "83d898b19fb0f22d8a251998721afd1ba9e7606a"
            },
            "type": "wordpress-plugin",
            "license": [
                "GPL"
            ],
            "authors": [
                {
                    "name": "Tom Benner",
                    "email": "tombenner@gmail.com"
                }
            ],
            "description": "An MVC framework for WordPress http://wpmvc.org",
            "transport-options": {
                "symlink": true,
                "relative": false
            }
        },
        {
            "name": "valu/wp-graphql-offset-pagination",
            "version": "v0.2.0",
            "source": {
                "type": "git",
                "url": "https://github.com/valu-digital/wp-graphql-offset-pagination.git",
                "reference": "e32b594d40a8974e1c6a82686bd8657699b04be6"
            },
            "dist": {
                "type": "zip",
                "url": "https://api.github.com/repos/valu-digital/wp-graphql-offset-pagination/zipball/e32b594d40a8974e1c6a82686bd8657699b04be6",
                "reference": "e32b594d40a8974e1c6a82686bd8657699b04be6",
                "shasum": ""
            },
            "require-dev": {
                "codeception/module-asserts": "^1.0",
                "codeception/module-cli": "^1.0",
                "codeception/module-db": "^1.0",
                "codeception/module-filesystem": "^1.0",
                "codeception/module-phpbrowser": "^1.0",
                "codeception/module-rest": "^1.0",
                "codeception/module-webdriver": "^1.0",
                "codeception/util-universalframework": "^1.0",
                "lucatume/wp-browser": "^2.2",
                "phpunit/phpunit": "^8.0",
                "valu/wp-testing-tools": "^0.4.0"
            },
            "type": "wordpress-plugin",
            "autoload": {
                "psr-4": {
                    "WPGraphQL\\Extensions\\OffsetPagination\\": "src/"
                }
            },
            "notification-url": "https://packagist.org/downloads/",
            "license": [
                "GPL-2.0-or-later"
            ],
            "authors": [
                {
                    "name": "Esa-Matti Suuronen",
                    "email": "esa-matti.suuronen@valu.fi",
                    "role": "developer"
                }
            ],
            "description": "Add offset pagination to wp-graphql",
            "support": {
                "issues": "https://github.com/valu-digital/wp-graphql-offset-pagination/issues",
                "source": "https://github.com/valu-digital/wp-graphql-offset-pagination"
            },
            "time": "2020-05-06T07:36:57+00:00"
        },
        {
            "name": "wp-graphql/wp-graphql-jwt-authentication",
            "version": "v0.4.1",
            "source": {
                "type": "git",
                "url": "https://github.com/wp-graphql/wp-graphql-jwt-authentication.git",
                "reference": "7905ab9e3658e6e79be510070b9e7aaf26d47009"
            },
            "dist": {
                "type": "zip",
                "url": "https://api.github.com/repos/wp-graphql/wp-graphql-jwt-authentication/zipball/7905ab9e3658e6e79be510070b9e7aaf26d47009",
                "reference": "7905ab9e3658e6e79be510070b9e7aaf26d47009",
                "shasum": ""
            },
            "require": {
                "firebase/php-jwt": "^5.0"
            },
            "require-dev": {
                "lucatume/wp-browser": ">=2.2.1 <2.2.8"
            },
            "type": "wordpress-plugin",
            "autoload": {
                "psr-4": {
                    "WPGraphQL\\JWT_Authentication\\": "src/"
                },
                "classmap": [
                    "src/"
                ]
            },
            "notification-url": "https://packagist.org/downloads/",
            "license": [
                "GPL-3.0+"
            ],
            "authors": [
                {
                    "name": "jasonbahl",
                    "email": "jasonbahl@mac.com"
                }
            ],
            "description": "JWT Authentication for WPGraphQL",
            "support": {
                "issues": "https://github.com/wp-graphql/wp-graphql-jwt-authentication/issues",
                "source": "https://github.com/wp-graphql/wp-graphql-jwt-authentication/tree/master"
            },
            "time": "2020-05-04T21:48:10+00:00"
        },
        {
            "name": "wpackagist-plugin/advanced-custom-fields",
            "version": "5.12.2",
            "source": {
                "type": "svn",
                "url": "https://plugins.svn.wordpress.org/advanced-custom-fields/",
                "reference": "tags/5.12.2"
            },
            "dist": {
                "type": "zip",
                "url": "https://downloads.wordpress.org/plugin/advanced-custom-fields.5.12.2.zip"
            },
            "require": {
                "composer/installers": "^1.0 || ^2.0"
            },
            "type": "wordpress-plugin",
            "homepage": "https://wordpress.org/plugins/advanced-custom-fields/"
        },
        {
            "name": "wpackagist-plugin/custom-post-type-ui",
            "version": "1.12.1",
            "source": {
                "type": "svn",
                "url": "https://plugins.svn.wordpress.org/custom-post-type-ui/",
                "reference": "tags/1.12.1"
            },
            "dist": {
                "type": "zip",
                "url": "https://downloads.wordpress.org/plugin/custom-post-type-ui.1.12.1.zip"
            },
            "require": {
                "composer/installers": "^1.0 || ^2.0"
            },
            "type": "wordpress-plugin",
            "homepage": "https://wordpress.org/plugins/custom-post-type-ui/"
        },
        {
            "name": "wpackagist-plugin/woocommerce",
            "version": "6.5.1",
            "source": {
                "type": "svn",
                "url": "https://plugins.svn.wordpress.org/woocommerce/",
                "reference": "tags/6.5.1"
            },
            "dist": {
                "type": "zip",
                "url": "https://downloads.wordpress.org/plugin/woocommerce.6.5.1.zip"
            },
            "require": {
                "composer/installers": "^1.0 || ^2.0"
            },
            "type": "wordpress-plugin",
            "homepage": "https://wordpress.org/plugins/woocommerce/"
        },
        {
            "name": "wpackagist-plugin/wp-graphql",
            "version": "1.8.2",
            "source": {
                "type": "svn",
                "url": "https://plugins.svn.wordpress.org/wp-graphql/",
                "reference": "tags/1.8.2"
            },
            "dist": {
                "type": "zip",
                "url": "https://downloads.wordpress.org/plugin/wp-graphql.1.8.2.zip"
            },
            "require": {
                "composer/installers": "^1.0 || ^2.0"
            },
            "type": "wordpress-plugin",
            "homepage": "https://wordpress.org/plugins/wp-graphql/"
        },
        {
            "name": "wpackagist-plugin/wp-mail-smtp",
            "version": "3.4.0",
            "source": {
                "type": "svn",
                "url": "https://plugins.svn.wordpress.org/wp-mail-smtp/",
                "reference": "tags/3.4.0"
            },
            "dist": {
                "type": "zip",
                "url": "https://downloads.wordpress.org/plugin/wp-mail-smtp.3.4.0.zip"
            },
            "require": {
                "composer/installers": "^1.0 || ^2.0"
            },
            "type": "wordpress-plugin",
            "homepage": "https://wordpress.org/plugins/wp-mail-smtp/"
        }
    ],
    "packages-dev": [
        {
            "name": "wpackagist-plugin/display-environment-type",
            "version": "1.3.1",
            "source": {
                "type": "svn",
                "url": "https://plugins.svn.wordpress.org/display-environment-type/",
                "reference": "tags/1.3.1"
            },
            "dist": {
                "type": "zip",
                "url": "https://downloads.wordpress.org/plugin/display-environment-type.1.3.1.zip"
            },
            "require": {
                "composer/installers": "^1.0 || ^2.0"
            },
            "type": "wordpress-plugin",
            "homepage": "https://wordpress.org/plugins/display-environment-type/"
        },
        {
            "name": "wpackagist-plugin/wp-console",
            "version": "2.2.1",
            "source": {
                "type": "svn",
                "url": "https://plugins.svn.wordpress.org/wp-console/",
                "reference": "trunk"
            },
            "dist": {
                "type": "zip",
                "url": "https://downloads.wordpress.org/plugin/wp-console.zip?timestamp=1653556928"
            },
            "require": {
                "composer/installers": "^1.0 || ^2.0"
            },
            "type": "wordpress-plugin",
            "homepage": "https://wordpress.org/plugins/wp-console/"
        }
    ],
    "aliases": [],
    "minimum-stability": "dev",
    "stability-flags": [],
    "prefer-stable": true,
    "prefer-lowest": false,
    "platform": [],
    "platform-dev": [],
    "plugin-api-version": "2.3.0"
}
